
Microsoft Visual Studio Solution File, Format Version 12.00
# Visual Studio 15
VisualStudioVersion = 15.0.28307.136
MinimumVisualStudioVersion = 10.0.40219.1
Project("{FAE04EC0-301F-11D3-BF4B-00C04F79EFBC}") = "MovieApp.Newdb", "MovieApp.Newdb\MovieApp.Newdb.csproj", "{13131B70-909D-43D0-B857-849D5E5D661E}"
EndProject
Global
	GlobalSection(SolutionConfigurationPlatforms) = preSolution
		Debug|Any CPU = Debug|Any CPU
		Release|Any CPU = Release|Any CPU
	EndGlobalSection
	GlobalSection(ProjectConfigurationPlatforms) = postSolution
		{13131B70-909D-43D0-B857-849D5E5D661E}.Debug|Any CPU.ActiveCfg = Debug|Any CPU
		{13131B70-909D-43D0-B857-849D5E5D661E}.Debug|Any CPU.Build.0 = Debug|Any CPU
		{13131B70-909D-43D0-B857-849D5E5D661E}.Release|Any CPU.ActiveCfg = Release|Any CPU
		{13131B70-909D-43D0-B857-849D5E5D661E}.Release|Any CPU.Build.0 = Release|Any CPU
	EndGlobalSection
	GlobalSection(SolutionProperties) = preSolution
		HideSolutionNode = FALSE
	EndGlobalSection
	GlobalSection(ExtensibilityGlobals) = postSolution
		SolutionGuid = {6B232422-4236-44B0-B876-1008EE986FB6}
	EndGlobalSection
EndGlobal
